
Microsoft Visual Studio Solution File, Format Version 12.00
# Visual Studio Version 17
VisualStudioVersion = 17.9.34607.119
MinimumVisualStudioVersion = 10.0.40219.1
Project("{FAE04EC0-301F-11D3-BF4B-00C04F79EFBC}") = "FunctionAppNet6", "FunctionAppNet6\FunctionAppNet6.csproj", "{33DCC5F4-012C-4D56-9492-D6FE90056603}"
EndProject
Project("{FAE04EC0-301F-11D3-BF4B-00C04F79EFBC}") = "FunctionApp2", "FunctionApp2\FunctionApp2.csproj", "{4FE7D837-3BC0-48BE-B020-CB7BEAC3C25D}"
EndProject
Global
	GlobalSection(SolutionConfigurationPlatforms) = preSolution
		Debug|Any CPU = Debug|Any CPU
		Release|Any CPU = Release|Any CPU
	EndGlobalSection
	GlobalSection(ProjectConfigurationPlatforms) = postSolution
		{33DCC5F4-012C-4D56-9492-D6FE90056603}.Debug|Any CPU.ActiveCfg = Debug|Any CPU
		{33DCC5F4-012C-4D56-9492-D6FE90056603}.Debug|Any CPU.Build.0 = Debug|Any CPU
		{33DCC5F4-012C-4D56-9492-D6FE90056603}.Release|Any CPU.ActiveCfg = Release|Any CPU
		{33DCC5F4-012C-4D56-9492-D6FE90056603}.Release|Any CPU.Build.0 = Release|Any CPU
		{4FE7D837-3BC0-48BE-B020-CB7BEAC3C25D}.Debug|Any CPU.ActiveCfg = Debug|Any CPU
		{4FE7D837-3BC0-48BE-B020-CB7BEAC3C25D}.Debug|Any CPU.Build.0 = Debug|Any CPU
		{4FE7D837-3BC0-48BE-B020-CB7BEAC3C25D}.Release|Any CPU.ActiveCfg = Release|Any CPU
		{4FE7D837-3BC0-48BE-B020-CB7BEAC3C25D}.Release|Any CPU.Build.0 = Release|Any CPU
	EndGlobalSection
	GlobalSection(SolutionProperties) = preSolution
		HideSolutionNode = FALSE
	EndGlobalSection
	GlobalSection(ExtensibilityGlobals) = postSolution
		SolutionGuid = {D03FFA1C-58B0-4BF1-A940-168F207FC915}
	EndGlobalSection
EndGlobal
